Microsoft Visual Studio Solution File, Format Version 10.00
# Visual Basic Express 2008
Project("{F184B08F-C81C-45F6-A57F-5ABD9991F28F}") = "MSXTilesTools", "MSXTilesDevtool\MSXTilesTools.vbproj", "{C581B20C-42BC-49F5-9DEC-4C13AB76D5AF}"
EndProject
Project("{F184B08F-C81C-45F6-A57F-5ABD9991F28F}") = "MSXLibrary", "..\MSXLibrary\MSXLibrary\MSXLibrary.vbproj", "{7AEB116C-DB10-4498-AA55-5C5D08C4A3C2}"
EndProject
Project("{F184B08F-C81C-45F6-A57F-5ABD9991F28F}") = "GUIcontrols", "..\GUIcontrols\GUIcontrols\GUIcontrols.vbproj", "{474AA9B2-6128-4D72-9D16-19C3075F353D}"
EndProject
Global
	GlobalSection(SolutionConfigurationPlatforms) = preSolution
		Debug|Any CPU = Debug|Any CPU
		Release|Any CPU = Release|Any CPU
	EndGlobalSection
	GlobalSection(ProjectConfigurationPlatforms) = postSolution
		{C581B20C-42BC-49F5-9DEC-4C13AB76D5AF}.Debug|Any CPU.ActiveCfg = Debug|Any CPU
		{C581B20C-42BC-49F5-9DEC-4C13AB76D5AF}.Debug|Any CPU.Build.0 = Debug|Any CPU
		{C581B20C-42BC-49F5-9DEC-4C13AB76D5AF}.Release|Any CPU.ActiveCfg = Release|Any CPU
		{C581B20C-42BC-49F5-9DEC-4C13AB76D5AF}.Release|Any CPU.Build.0 = Release|Any CPU
		{7AEB116C-DB10-4498-AA55-5C5D08C4A3C2}.Debug|Any CPU.ActiveCfg = Debug|Any CPU
		{7AEB116C-DB10-4498-AA55-5C5D08C4A3C2}.Debug|Any CPU.Build.0 = Debug|Any CPU
		{7AEB116C-DB10-4498-AA55-5C5D08C4A3C2}.Release|Any CPU.ActiveCfg = Release|Any CPU
		{7AEB116C-DB10-4498-AA55-5C5D08C4A3C2}.Release|Any CPU.Build.0 = Release|Any CPU
		{474AA9B2-6128-4D72-9D16-19C3075F353D}.Debug|Any CPU.ActiveCfg = Debug|Any CPU
		{474AA9B2-6128-4D72-9D16-19C3075F353D}.Debug|Any CPU.Build.0 = Debug|Any CPU
		{474AA9B2-6128-4D72-9D16-19C3075F353D}.Release|Any CPU.ActiveCfg = Release|Any CPU
		{474AA9B2-6128-4D72-9D16-19C3075F353D}.Release|Any CPU.Build.0 = Release|Any CPU
	EndGlobalSection
	GlobalSection(SolutionProperties) = preSolution
		HideSolutionNode = FALSE
	EndGlobalSection
EndGlobal
